// !$*UTF8*$!
{
	archiveVersion = 1;
	classes = {
	};
	objectVersion = 50;
	objects = {

/* Begin PBXBuildFile section */
		DBA885F224A2448500DE7577 /* AppDelegate.swift in Sources */ = {isa = PBXBuildFile; fileRef = DBA885F124A2448500DE7577 /* AppDelegate.swift */; };
		DBA885F424A2448500DE7577 /* SceneDelegate.swift in Sources */ = {isa = PBXBuildFile; fileRef = DBA885F324A2448500DE7577 /* SceneDelegate.swift */; };
		DBA885F624A2448500DE7577 /* MyBrowserViewController.swift in Sources */ = {isa = PBXBuildFile; fileRef = DBA885F524A2448500DE7577 /* MyBrowserViewController.swift */; };
		DBA885F924A2448500DE7577 /* Main.storyboard in Resources */ = {isa = PBXBuildFile; fileRef = DBA885F724A2448500DE7577 /* Main.storyboard */; };
		DBA885FC24A2448500DE7577 /* MyBrowser.xcdatamodeld in Sources */ = {isa = PBXBuildFile; fileRef = DBA885FA24A2448500DE7577 /* MyBrowser.xcdatamodeld */; };
		DBA885FE24A2448800DE7577 /* Assets.xcassets in Resources */ = {isa = PBXBuildFile; fileRef = DBA885FD24A2448800DE7577 /* Assets.xcassets */; };
		DBA8860124A2448800DE7577 /* LaunchScreen.storyboard in Resources */ = {isa = PBXBuildFile; fileRef = DBA885FF24A2448800DE7577 /* LaunchScreen.storyboard */; };
		DBA8860924A2464200DE7577 /* LoadRequestModel.swift in Sources */ = {isa = PBXBuildFile; fileRef = DBA8860824A2464200DE7577 /* LoadRequestModel.swift */; };
		DBA8860C24A2470C00DE7577 /* WebKit.framework in Frameworks */ = {isa = PBXBuildFile; fileRef = DBA8860B24A2470C00DE7577 /* WebKit.framework */; };
/* End PBXBuildFile section */

/* Begin PBXFileReference section */
		DBA885EE24A2448500DE7577 /* MyBrowser.app */ = {isa = PBXFileReference; explicitFileType = wrapper.application; includeInIndex = 0; path = MyBrowser.app; sourceTree = BUILT_PRODUCTS_DIR; };
		DBA885F124A2448500DE7577 /* AppDelegate.swift */ = {isa = PBXFileReference; lastKnownFileType = sourcecode.swift; path = AppDelegate.swift; sourceTree = "<group>"; };
		DBA885F324A2448500DE7577 /* SceneDelegate.swift */ = {isa = PBXFileReference; lastKnownFileType = sourcecode.swift; path = SceneDelegate.swift; sourceTree = "<group>"; };
		DBA885F524A2448500DE7577 /* MyBrowserViewController.swift */ = {isa = PBXFileReference; lastKnownFileType = sourcecode.swift; path = MyBrowserViewController.swift; sourceTree = "<group>"; };
		DBA885F824A2448500DE7577 /* Base */ = {isa = PBXFileReference; lastKnownFileType = file.storyboard; name = Base; path = Base.lproj/Main.storyboard; sourceTree = "<group>"; };
		DBA885FB24A2448500DE7577 /* MyBrowser.xcdatamodel */ = {isa = PBXFileReference; lastKnownFileType = wrapper.xcdatamodel; path = MyBrowser.xcdatamodel; sourceTree = "<group>"; };
		DBA885FD24A2448800DE7577 /* Assets.xcassets */ = {isa = PBXFileReference; lastKnownFileType = folder.assetcatalog; path = Assets.xcassets; sourceTree = "<group>"; };
		DBA8860024A2448800DE7577 /* Base */ = {isa = PBXFileReference; lastKnownFileType = file.storyboard; name = Base; path = Base.lproj/LaunchScreen.storyboard; sourceTree = "<group>"; };
		DBA8860224A2448800DE7577 /* Info.plist */ = {isa = PBXFileReference; lastKnownFileType = text.plist.xml; path = Info.plist; sourceTree = "<group>"; };
		DBA8860824A2464200DE7577 /* LoadRequestModel.swift */ = {isa = PBXFileReference; lastKnownFileType = sourcecode.swift; path = LoadRequestModel.swift; sourceTree = "<group>"; };
		DBA8860B24A2470C00DE7577 /* WebKit.framework */ = {isa = PBXFileReference; lastKnownFileType = wrapper.framework; name = WebKit.framework; path = System/Library/Frameworks/WebKit.framework; sourceTree = SDKROOT; };
/* End PBXFileReference section */

/* Begin PBXFrameworksBuildPhase section */
		DBA885EB24A2448500DE7577 /* Frameworks */ = {
			isa = PBXFrameworksBuildPhase;
			buildActionMask = 2147483647;
			files = (
				DBA8860C24A2470C00DE7577 /* WebKit.framework in Frameworks */,
			);
			runOnlyForDeploymentPostprocessing = 0;
		};
/* End PBXFrameworksBuildPhase section */

/* Begin PBXGroup section */
		DBA885E524A2448500DE7577 = {
			isa = PBXGroup;
			children = (
				DBA885F024A2448500DE7577 /* MyBrowser */,
				DBA885EF24A2448500DE7577 /* Products */,
				DBA8860A24A2470C00DE7577 /* Frameworks */,
			);
			sourceTree = "<group>";
		};
		DBA885EF24A2448500DE7577 /* Products */ = {
			isa = PBXGroup;
			children = (
				DBA885EE24A2448500DE7577 /* MyBrowser.app */,
			);
			name = Products;
			sourceTree = "<group>";
		};
		DBA885F024A2448500DE7577 /* MyBrowser */ = {
			isa = PBXGroup;
			children = (
				DBA885F124A2448500DE7577 /* AppDelegate.swift */,
				DBA885F324A2448500DE7577 /* SceneDelegate.swift */,
				DBA885F524A2448500DE7577 /* MyBrowserViewController.swift */,
				DBA8860824A2464200DE7577 /* LoadRequestModel.swift */,
				DBA885F724A2448500DE7577 /* Main.storyboard */,
				DBA885FD24A2448800DE7577 /* Assets.xcassets */,
				DBA885FF24A2448800DE7577 /* LaunchScreen.storyboard */,
				DBA8860224A2448800DE7577 /* Info.plist */,
				DBA885FA24A2448500DE7577 /* MyBrowser.xcdatamodeld */,
			);
			path = MyBrowser;
			sourceTree = "<group>";
		};
		DBA8860A24A2470C00DE7577 /* Frameworks */ = {
			isa = PBXGroup;
			children = (
				DBA8860B24A2470C00DE7577 /* WebKit.framework */,
			);
			name = Frameworks;
			sourceTree = "<group>";
		};
/* End PBXGroup section */

/* Begin PBXNativeTarget section */
		DBA885ED24A2448500DE7577 /* MyBrowser */ = {
			isa = PBXNativeTarget;
			buildConfigurationList = DBA8860524A2448800DE7577 /* Build configuration list for PBXNativeTarget "MyBrowser" */;
			buildPhases = (
				DBA885EA24A2448500DE7577 /* Sources */,
				DBA885EB24A2448500DE7577 /* Frameworks */,
				DBA885EC24A2448500DE7577 /* Resources */,
			);
			buildRules = (
			);
			dependencies = (
			);
			name = MyBrowser;
			productName = MyBrowser;
			productReference = DBA885EE24A2448500DE7577 /* MyBrowser.app */;
			productType = "com.apple.product-type.application";
		};
/* End PBXNativeTarget section */

/* Begin PBXProject section */
		DBA885E624A2448500DE7577 /* Project object */ = {
			isa = PBXProject;
			attributes = {
				LastSwiftUpdateCheck = 1150;
				LastUpgradeCheck = 1150;
				ORGANIZATIONNAME = "Oleksandr Solokha";
				TargetAttributes = {
					DBA885ED24A2448500DE7577 = {
						CreatedOnToolsVersion = 11.5;
					};
				};
			};
			buildConfigurationList = DBA885E924A2448500DE7577 /* Build configuration list for PBXProject "MyBrowser" */;
			compatibilityVersion = "Xcode 9.3";
			developmentRegion = en;
			hasScannedForEncodings = 0;
			knownRegions = (
				en,
				Base,
			);
			mainGroup = DBA885E524A2448500DE7577;
			productRefGroup = DBA885EF24A2448500DE7577 /* Products */;
			projectDirPath = "";
			projectRoot = "";
			targets = (
				DBA885ED24A2448500DE7577 /* MyBrowser */,
			);
		};
/* End PBXProject section */

/* Begin PBXResourcesBuildPhase section */
		DBA885EC24A2448500DE7577 /* Resources */ = {
			isa = PBXResourcesBuildPhase;
			buildActionMask = 2147483647;
			files = (
				DBA8860124A2448800DE7577 /* LaunchScreen.storyboard in Resources */,
				DBA885FE24A2448800DE7577 /* Assets.xcassets in Resources */,
				DBA885F924A2448500DE7577 /* Main.storyboard in Resources */,
			);
			runOnlyForDeploymentPostprocessing = 0;
		};
/* End PBXResourcesBuildPhase section */

/* Begin PBXSourcesBuildPhase section */
		DBA885EA24A2448500DE7577 /* Sources */ = {
			isa = PBXSourcesBuildPhase;
			buildActionMask = 2147483647;
			files = (
				DBA885FC24A2448500DE7577 /* MyBrowser.xcdatamodeld in Sources */,
				DBA8860924A2464200DE7577 /* LoadRequestModel.swift in Sources */,
				DBA885F624A2448500DE7577 /* MyBrowserViewController.swift in Sources */,
				DBA885F224A2448500DE7577 /* AppDelegate.swift in Sources */,
				DBA885F424A2448500DE7577 /* SceneDelegate.swift in Sources */,
			);
			runOnlyForDeploymentPostprocessing = 0;
		};
/* End PBXSourcesBuildPhase section */

/* Begin PBXVariantGroup section */
		DBA885F724A2448500DE7577 /* Main.storyboard */ = {
			isa = PBXVariantGroup;
			children = (
				DBA885F824A2448500DE7577 /* Base */,
			);
			name = Main.storyboard;
			sourceTree = "<group>";
		};
		DBA885FF24A2448800DE7577 /* LaunchScreen.storyboard */ = {
			isa = PBXVariantGroup;
			children = (
				DBA8860024A2448800DE7577 /* Base */,
			);
			name = LaunchScreen.storyboard;
			sourceTree = "<group>";
		};
/* End PBXVariantGroup section */

/* Begin XCBuildConfiguration section */
		DBA8860324A2448800DE7577 /* Debug */ = {
			isa = XCBuildConfiguration;
			buildSettings = {
				ALWAYS_SEARCH_USER_PATHS = NO;
				CLANG_ANALYZER_NONNULL = YES;
				CLANG_ANALYZER_NUMBER_OBJECT_CONVERSION = YES_AGGRESSIVE;
				CLANG_CXX_LANGUAGE_STANDARD = "gnu++14";
				CLANG_CXX_LIBRARY = "libc++";
				CLANG_ENABLE_MODULES = YES;
				CLANG_ENABLE_OBJC_ARC = YES;
				CLANG_ENABLE_OBJC_WEAK = YES;
				CLANG_WARN_BLOCK_CAPTURE_AUTORELEASING = YES;
				CLANG_WARN_BOOL_CONVERSION = YES;
				CLANG_WARN_COMMA = YES;
				CLANG_WARN_CONSTANT_CONVERSION = YES;
				CLANG_WARN_DEPRECATED_OBJC_IMPLEMENTATIONS = YES;
				CLANG_WARN_DIRECT_OBJC_ISA_USAGE = YES_ERROR;
				CLANG_WARN_DOCUMENTATION_COMMENTS = YES;
				CLANG_WARN_EMPTY_BODY = YES;
				CLANG_WARN_ENUM_CONVERSION = YES;
				CLANG_WARN_INFINITE_RECURSION = YES;
				CLANG_WARN_INT_CONVERSION = YES;
				CLANG_WARN_NON_LITERAL_NULL_CONVERSION = YES;
				CLANG_WARN_OBJC_IMPLICIT_RETAIN_SELF = YES;
				CLANG_WARN_OBJC_LITERAL_CONVERSION = YES;
				CLANG_WARN_OBJC_ROOT_CLASS = YES_ERROR;
				CLANG_WARN_RANGE_LOOP_ANALYSIS = YES;
				CLANG_WARN_STRICT_PROTOTYPES = YES;
				CLANG_WARN_SUSPICIOUS_MOVE = YES;
				CLANG_WARN_UNGUARDED_AVAILABILITY = YES_AGGRESSIVE;
				CLANG_WARN_UNREACHABLE_CODE = YES;
				CLANG_WARN__DUPLICATE_METHOD_MATCH = YES;
				COPY_PHASE_STRIP = NO;
				DEBUG_INFORMATION_FORMAT = dwarf;
				ENABLE_STRICT_OBJC_MSGSEND = YES;
				ENABLE_TESTABILITY = YES;
				GCC_C_LANGUAGE_STANDARD = gnu11;
				GCC_DYNAMIC_NO_PIC = NO;
				GCC_NO_COMMON_BLOCKS = YES;
				GCC_OPTIMIZATION_LEVEL = 0;
				GCC_PREPROCESSOR_DEFINITIONS = (
					"DEBUG=1",
					"$(inherited)",
				);
				GCC_WARN_64_TO_32_BIT_CONVERSION = YES;
				GCC_WARN_ABOUT_RETURN_TYPE = YES_ERROR;
				GCC_WARN_UNDECLARED_SELECTOR = YES;
				GCC_WARN_UNINITIALIZED_AUTOS = YES_AGGRESSIVE;
				GCC_WARN_UNUSED_FUNCTION = YES;
				GCC_WARN_UNUSED_VARIABLE = YES;
				IPHONEOS_DEPLOYMENT_TARGET = 13.5;
				MTL_ENABLE_DEBUG_INFO = INCLUDE_SOURCE;
				MTL_FAST_MATH = YES;
				ONLY_ACTIVE_ARCH = YES;
				SDKROOT = iphoneos;
				SWIFT_ACTIVE_COMPILATION_CONDITIONS = DEBUG;
				SWIFT_OPTIMIZATION_LEVEL = "-Onone";
			};
			name = Debug;
		};
		DBA8860424A2448800DE7577 /* Release */ = {
			isa = XCBuildConfiguration;
			buildSettings = {
				ALWAYS_SEARCH_USER_PATHS = NO;
				CLANG_ANALYZER_NONNULL = YES;
				CLANG_ANALYZER_NUMBER_OBJECT_CONVERSION = YES_AGGRESSIVE;
				CLANG_CXX_LANGUAGE_STANDARD = "gnu++14";
				CLANG_CXX_LIBRARY = "libc++";
				CLANG_ENABLE_MODULES = YES;
				CLANG_ENABLE_OBJC_ARC = YES;
				CLANG_ENABLE_OBJC_WEAK = YES;
				CLANG_WARN_BLOCK_CAPTURE_AUTORELEASING = YES;
				CLANG_WARN_BOOL_CONVERSION = YES;
				CLANG_WARN_COMMA = YES;
				CLANG_WARN_CONSTANT_CONVERSION = YES;
				CLANG_WARN_DEPRECATED_OBJC_IMPLEMENTATIONS = YES;
				CLANG_WARN_DIRECT_OBJC_ISA_USAGE = YES_ERROR;
				CLANG_WARN_DOCUMENTATION_COMMENTS = YES;
				CLANG_WARN_EMPTY_BODY = YES;
				CLANG_WARN_ENUM_CONVERSION = YES;
				CLANG_WARN_INFINITE_RECURSION = YES;
				CLANG_WARN_INT_CONVERSION = YES;
				CLANG_WARN_NON_LITERAL_NULL_CONVERSION = YES;
				CLANG_WARN_OBJC_IMPLICIT_RETAIN_SELF = YES;
				CLANG_WARN_OBJC_LITERAL_CONVERSION = YES;
				CLANG_WARN_OBJC_ROOT_CLASS = YES_ERROR;
				CLANG_WARN_RANGE_LOOP_ANALYSIS = YES;
				CLANG_WARN_STRICT_PROTOTYPES = YES;
				CLANG_WARN_SUSPICIOUS_MOVE = YES;
				CLANG_WARN_UNGUARDED_AVAILABILITY = YES_AGGRESSIVE;
				CLANG_WARN_UNREACHABLE_CODE = YES;
				CLANG_WARN__DUPLICATE_METHOD_MATCH = YES;
				COPY_PHASE_STRIP = NO;
				DEBUG_INFORMATION_FORMAT = "dwarf-with-dsym";
				ENABLE_NS_ASSERTIONS = NO;
				ENABLE_STRICT_OBJC_MSGSEND = YES;
				GCC_C_LANGUAGE_STANDARD = gnu11;
				GCC_NO_COMMON_BLOCKS = YES;
				GCC_WARN_64_TO_32_BIT_CONVERSION = YES;
				GCC_WARN_ABOUT_RETURN_TYPE = YES_ERROR;
				GCC_WARN_UNDECLARED_SELECTOR = YES;
				GCC_WARN_UNINITIALIZED_AUTOS = YES_AGGRESSIVE;
				GCC_WARN_UNUSED_FUNCTION = YES;
				GCC_WARN_UNUSED_VARIABLE = YES;
				IPHONEOS_DEPLOYMENT_TARGET = 13.5;
				MTL_ENABLE_DEBUG_INFO = NO;
				MTL_FAST_MATH = YES;
				SDKROOT = iphoneos;
				SWIFT_COMPILATION_MODE = wholemodule;
				SWIFT_OPTIMIZATION_LEVEL = "-O";
				VALIDATE_PRODUCT = YES;
			};
			name = Release;
		};
		DBA8860624A2448800DE7577 /* Debug */ = {
			isa = XCBuildConfiguration;
			buildSettings = {
				ASSETCATALOG_COMPILER_APPICON_NAME = AppIcon;
				CODE_SIGN_STYLE = Automatic;
				DEVELOPMENT_TEAM = X8NNCQ3HW6;
				INFOPLIST_FILE = MyBrowser/Info.plist;
				LD_RUNPATH_SEARCH_PATHS = (
					"$(inherited)",
					"@executable_path/Frameworks",
				);
				PRODUCT_BUNDLE_IDENTIFIER = "Oleksandr-Solokha.MyBrowser";
				PRODUCT_NAME = "$(TARGET_NAME)";
				SWIFT_VERSION = 5.0;
				TARGETED_DEVICE_FAMILY = 1;
			};
			name = Debug;
		};
		DBA8860724A2448800DE7577 /* Release */ = {
			isa = XCBuildConfiguration;
			buildSettings = {
				ASSETCATALOG_COMPILER_APPICON_NAME = AppIcon;
				CODE_SIGN_STYLE = Automatic;
				DEVELOPMENT_TEAM = X8NNCQ3HW6;
				INFOPLIST_FILE = MyBrowser/Info.plist;
				LD_RUNPATH_SEARCH_PATHS = (
					"$(inherited)",
					"@executable_path/Frameworks",
				);
				PRODUCT_BUNDLE_IDENTIFIER = "Oleksandr-Solokha.MyBrowser";
				PRODUCT_NAME = "$(TARGET_NAME)";
				SWIFT_VERSION = 5.0;
				TARGETED_DEVICE_FAMILY = 1;
			};
			name = Release;
		};
/* End XCBuildConfiguration section */

/* Begin XCConfigurationList section */
		DBA885E924A2448500DE7577 /* Build configuration list for PBXProject "MyBrowser" */ = {
			isa = XCConfigurationList;
			buildConfigurations = (
				DBA8860324A2448800DE7577 /* Debug */,
				DBA8860424A2448800DE7577 /* Release */,
			);
			defaultConfigurationIsVisible = 0;
			defaultConfigurationName = Release;
		};
		DBA8860524A2448800DE7577 /* Build configuration list for PBXNativeTarget "MyBrowser" */ = {
			isa = XCConfigurationList;
			buildConfigurations = (
				DBA8860624A2448800DE7577 /* Debug */,
				DBA8860724A2448800DE7577 /* Release */,
			);
			defaultConfigurationIsVisible = 0;
			defaultConfigurationName = Release;
		};
/* End XCConfigurationList section */

/* Begin XCVersionGroup section */
		DBA885FA24A2448500DE7577 /* MyBrowser.xcdatamodeld */ = {
			isa = XCVersionGroup;
			children = (
				DBA885FB24A2448500DE7577 /* MyBrowser.xcdatamodel */,
			);
			currentVersion = DBA885FB24A2448500DE7577 /* MyBrowser.xcdatamodel */;
			path = MyBrowser.xcdatamodeld;
			sourceTree = "<group>";
			versionGroupType = wrapper.xcdatamodel;
		};
/* End XCVersionGroup section */
	};
	rootObject = DBA885E624A2448500DE7577 /* Project object */;
}
